{
  "version": "4",
  "specifiers": {
    "jsr:@std/assert@1": "1.0.9",
    "jsr:@std/internal@^1.0.5": "1.0.5",
    "npm:typescript-collections@^1.3.3": "1.3.3"
  },
  "jsr": {
    "@std/assert@1.0.9": {
      "integrity": "a9f0c611a869cc791b26f523eec54c7e187aab7932c2c8e8bea0622d13680dcd",
      "dependencies": [
        "jsr:@std/internal"
      ]
    },
    "@std/internal@1.0.5": {
      "integrity": "54a546004f769c1ac9e025abd15a76b6671ddc9687e2313b67376125650dc7ba"
    }
  },
  "npm": {
    "typescript-collections@1.3.3": {
      "integrity": "sha512-7sI4e/bZijOzyURng88oOFZCISQPTHozfE2sUu5AviFYk5QV7fYGb6YiDl+vKjF/pICA354JImBImL9XJWUvdQ=="
    }
  },
  "workspace": {
    "dependencies": [
      "jsr:@std/assert@1",
      "npm:typescript-collections@^1.3.3"
    ]
  }
}
